# THIS IS AN AUTOGENERATED FILE. DO NOT EDIT THIS FILE DIRECTLY.
# yarn lockfile v1


leaflet-geosearch@^3.1.0:
  version "3.1.0"
  resolved "https://registry.yarnpkg.com/leaflet-geosearch/-/leaflet-geosearch-3.1.0.tgz#47cb700c2a295f1c6d85615464c6707f00b07796"
  integrity sha512-72hIxv5lhXabYBIVC4nPRr4qZ+lUBJokpJkMgXzTazBx/51qy8joOpcBgR2jE4XkJCXcWA8Xg/Qzb4d2jEvifQ==
  optionalDependencies:
    leaflet "^1.6.0"

leaflet@^1.2.0:
  version "1.2.0"
  resolved "https://registry.yarnpkg.com/leaflet/-/leaflet-1.2.0.tgz#fd5d93d9cb00091f5f8a69206d0d6744c1c82697"

leaflet@^1.6.0:
  version "1.7.1"
  resolved "https://registry.yarnpkg.com/leaflet/-/leaflet-1.7.1.tgz#10d684916edfe1bf41d688a3b97127c0322a2a19"
  integrity sha512-/xwPEBidtg69Q3HlqPdU3DnrXQOvQU/CCHA1tcDQVzOwm91YMYaILjNp7L4Eaw5Z4sOYdbBz6koWyibppd8Zqw==

vue2-leaflet@^0.0.55:
  version "0.0.55"
  resolved "https://registry.yarnpkg.com/vue2-leaflet/-/vue2-leaflet-0.0.55.tgz#1a5b134ac0b7849f80513400290c9901fa3ba3b4"
  dependencies:
    leaflet "^1.2.0"
    vue "^2.0.0-rc.8"

vue@^2.0.0-rc.8:
  version "2.4.2"
  resolved "https://registry.yarnpkg.com/vue/-/vue-2.4.2.tgz#a9855261f191c978cc0dc1150531b8d08149b58c"
